<?xml version="1.0" encoding="utf-8"?>
<Project ToolsVersion="4.0" xmlns="http://schemas.microsoft.com/developer/msbuild/2003">
  <ItemGroup>
    <Filter Include="Source Files">
      <UniqueIdentifier>{4FC737F1-C7A5-4376-A066-2A32D752A2FF}</UniqueIdentifier>
      <Extensions>cpp;c;cc;cxx;def;odl;idl;hpj;bat;asm;asmx</Extensions>
    </Filter>
    <Filter Include="Header Files">
      <UniqueIdentifier>{93995380-89BD-4b04-88EB-625FBE52EBFB}</UniqueIdentifier>
      <Extensions>h;hh;hpp;hxx;hm;inl;inc;xsd</Extensions>
    </Filter>
    <Filter Include="Resource Files">
      <UniqueIdentifier>{67DA6AB6-F800-4c08-8B7A-83BB121AAD01}</UniqueIdentifier>
      <Extensions>rc;ico;cur;bmp;dlg;rc2;rct;bin;rgs;gif;jpg;jpeg;jpe;resx;tiff;tif;png;wav;mfcribbon-ms</Extensions>
    </Filter>
    <Filter Include="Sources">
      <UniqueIdentifier>{e0ed6d4b-3ba0-4040-809a-91c4b73dca86}</UniqueIdentifier>
    </Filter>
    <Filter Include="Sources\common">
      <UniqueIdentifier>{9599ebff-a916-4058-a6ad-c25266448c08}</UniqueIdentifier>
    </Filter>
    <Filter Include="Sources\common\memory">
      <UniqueIdentifier>{004f1cd1-0440-4f27-8991-2febffa6118b}</UniqueIdentifier>
    </Filter>
    <Filter Include="Sources\common\threading">
      <UniqueIdentifier>{5cc4ac78-8443-4962-9932-b0396a9e64cb}</UniqueIdentifier>
    </Filter>
    <Filter Include="Sources\common\win32">
      <UniqueIdentifier>{17793094-42ab-4a27-bdbc-3c41b42b2d4d}</UniqueIdentifier>
    </Filter>
    <Filter Include="Sources\common\logging">
      <UniqueIdentifier>{80c1928e-4404-42d7-9201-62fed7e74b0d}</UniqueIdentifier>
    </Filter>
    <Filter Include="Sources\common\logging\logger_sinks">
      <UniqueIdentifier>{257fc9ed-0c52-4e21-bb71-073d2a9ce1f3}</UniqueIdentifier>
    </Filter>
    <Filter Include="Sources\media">
      <UniqueIdentifier>{7d16586e-9e7f-45d2-abae-13b9ad70da1d}</UniqueIdentifier>
    </Filter>
    <Filter Include="Sources\media\interfaces">
      <UniqueIdentifier>{1bbe576a-d5b2-425b-b909-e914d96182c3}</UniqueIdentifier>
    </Filter>
    <Filter Include="Sources\media\devices">
      <UniqueIdentifier>{f340ae2c-55f3-4fc1-baa7-8cab48e1dc83}</UniqueIdentifier>
    </Filter>
    <Filter Include="Sources\media\devices\wasapi">
      <UniqueIdentifier>{06d5e847-06df-42e0-a9a4-213724a6f56e}</UniqueIdentifier>
    </Filter>
    <Filter Include="Sources\media\devices\wasapi\capture">
      <UniqueIdentifier>{15d4e3ad-cdb3-4e28-9bfd-f5688515cc28}</UniqueIdentifier>
    </Filter>
    <Filter Include="Sources\media\devices\wasapi\render">
      <UniqueIdentifier>{571e775a-9324-462b-b653-0ecb182c67a4}</UniqueIdentifier>
    </Filter>
  </ItemGroup>
  <ItemGroup>
    <ClInclude Include="stdafx.h">
      <Filter>Header Files</Filter>
    </ClInclude>
    <ClInclude Include="targetver.h">
      <Filter>Header Files</Filter>
    </ClInclude>
    <ClInclude Include="Sources\Common\common.h">
      <Filter>Sources\common</Filter>
    </ClInclude>
    <ClInclude Include="Sources\Common\strings.h">
      <Filter>Sources\common</Filter>
    </ClInclude>
    <ClInclude Include="Sources\common\memory\memory_allocator.h">
      <Filter>Sources\common\memory</Filter>
    </ClInclude>
    <ClInclude Include="Sources\common\threading\thread_base.h">
      <Filter>Sources\common\threading</Filter>
    </ClInclude>
    <ClInclude Include="Sources\common\win32\hr_exception.h">
      <Filter>Sources\common\win32</Filter>
    </ClInclude>
    <ClInclude Include="Sources\common\logging\logger.h">
      <Filter>Sources\common\logging</Filter>
    </ClInclude>
    <ClInclude Include="Sources\common\logging\logger_streams.h">
      <Filter>Sources\common\logging</Filter>
    </ClInclude>
    <ClInclude Include="Sources\common\logging\i_logger_sink.h">
      <Filter>Sources\common\logging</Filter>
    </ClInclude>
    <ClInclude Include="Sources\common\logging\console_logger_sink.h">
      <Filter>Sources\common\logging\logger_sinks</Filter>
    </ClInclude>
    <ClInclude Include="Sources\common\win32\strings_converter.h">
      <Filter>Sources\common\win32</Filter>
    </ClInclude>
    <ClInclude Include="Sources\media\interfaces\device_types.h">
      <Filter>Sources\media\interfaces</Filter>
    </ClInclude>
    <ClInclude Include="Sources\media\interfaces\i_device.h">
      <Filter>Sources\media\interfaces</Filter>
    </ClInclude>
    <ClInclude Include="Sources\media\interfaces\i_device_manager.h">
      <Filter>Sources\media\interfaces</Filter>
    </ClInclude>
    <ClInclude Include="Sources\media\interfaces\i_device_provider.h">
      <Filter>Sources\media\interfaces</Filter>
    </ClInclude>
    <ClInclude Include="Sources\media\devices\wasapi\wasapi_device.h">
      <Filter>Sources\media\devices\wasapi</Filter>
    </ClInclude>
    <ClInclude Include="Sources\media\devices\wasapi\wasapi_device_provider.h">
      <Filter>Sources\media\devices\wasapi</Filter>
    </ClInclude>
    <ClInclude Include="Sources\media\devices\device_manager.h">
      <Filter>Sources\media\devices</Filter>
    </ClInclude>
    <ClInclude Include="Sources\media\audio_format.h">
      <Filter>Sources\media</Filter>
    </ClInclude>
    <ClInclude Include="Sources\media\media_block.h">
      <Filter>Sources\media</Filter>
    </ClInclude>
    <ClInclude Include="Sources\media\devices\wasapi\wasapi_capture_device.h">
      <Filter>Sources\media\devices\wasapi\capture</Filter>
    </ClInclude>
    <ClInclude Include="Sources\media\devices\wasapi\wasapi_render_device.h">
      <Filter>Sources\media\devices\wasapi\render</Filter>
    </ClInclude>
    <ClInclude Include="Sources\media\interfaces\i_producer.h">
      <Filter>Sources\media\interfaces</Filter>
    </ClInclude>
    <ClInclude Include="Sources\media\interfaces\i_consumer.h">
      <Filter>Sources\media\interfaces</Filter>
    </ClInclude>
  </ItemGroup>
  <ItemGroup>
    <ClCompile Include="stdafx.cpp">
      <Filter>Source Files</Filter>
    </ClCompile>
    <ClCompile Include="Sources\Common\strings.cpp">
      <Filter>Sources\common</Filter>
    </ClCompile>
    <ClCompile Include="Sources\common\memory\memory_allocator.cpp">
      <Filter>Sources\common\memory</Filter>
    </ClCompile>
    <ClCompile Include="Sources\common\threading\thread_base.cpp">
      <Filter>Sources\common\threading</Filter>
    </ClCompile>
    <ClCompile Include="Sources\common\win32\hr_exception.cpp">
      <Filter>Sources\common\win32</Filter>
    </ClCompile>
    <ClCompile Include="Sources\common\logging\logger.cpp">
      <Filter>Sources\common\logging</Filter>
    </ClCompile>
    <ClCompile Include="Sources\common\logging\logger_streams.cpp">
      <Filter>Sources\common\logging</Filter>
    </ClCompile>
    <ClCompile Include="Sources\common\win32\strings_converter.cpp">
      <Filter>Sources\common\win32</Filter>
    </ClCompile>
    <ClCompile Include="Sources\media\devices\wasapi\wasapi_device.cpp">
      <Filter>Sources\media\devices\wasapi</Filter>
    </ClCompile>
    <ClCompile Include="Sources\media\devices\wasapi\wasapi_device_provider.cpp">
      <Filter>Sources\media\devices\wasapi</Filter>
    </ClCompile>
    <ClCompile Include="Sources\media\devices\device_manager.cpp">
      <Filter>Sources\media\devices</Filter>
    </ClCompile>
    <ClCompile Include="Sources\media\audio_format.cpp">
      <Filter>Sources\media</Filter>
    </ClCompile>
    <ClCompile Include="Sources\media\media_block.cpp">
      <Filter>Sources\media</Filter>
    </ClCompile>
    <ClCompile Include="Sources\media\devices\wasapi\wasapi_capture_device.cpp">
      <Filter>Sources\media\devices\wasapi\capture</Filter>
    </ClCompile>
    <ClCompile Include="Sources\media\devices\wasapi\wasapi_render_device.cpp">
      <Filter>Sources\media\devices\wasapi\render</Filter>
    </ClCompile>
  </ItemGroup>
</Project>