<?xml version="1.0" encoding="utf-8"?>
<Project ToolsVersion="4.0" xmlns="http://schemas.microsoft.com/developer/msbuild/2003">
  <ItemGroup>
    <Filter Include="Source Files">
      <UniqueIdentifier>{4FC737F1-C7A5-4376-A066-2A32D752A2FF}</UniqueIdentifier>
      <Extensions>cpp;c;cc;cxx;def;odl;idl;hpj;bat;asm;asmx</Extensions>
    </Filter>
    <Filter Include="Header Files">
      <UniqueIdentifier>{93995380-89BD-4b04-88EB-625FBE52EBFB}</UniqueIdentifier>
      <Extensions>h;hh;hpp;hxx;hm;inl;inc;xsd</Extensions>
    </Filter>
    <Filter Include="Resource Files">
      <UniqueIdentifier>{67DA6AB6-F800-4c08-8B7A-83BB121AAD01}</UniqueIdentifier>
      <Extensions>rc;ico;cur;bmp;dlg;rc2;rct;bin;rgs;gif;jpg;jpeg;jpe;resx;tiff;tif;png;wav;mfcribbon-ms</Extensions>
    </Filter>
    <Filter Include="Sources">
      <UniqueIdentifier>{e0ed6d4b-3ba0-4040-809a-91c4b73dca86}</UniqueIdentifier>
    </Filter>
    <Filter Include="Sources\common">
      <UniqueIdentifier>{9599ebff-a916-4058-a6ad-c25266448c08}</UniqueIdentifier>
    </Filter>
    <Filter Include="Sources\devices">
      <UniqueIdentifier>{33e76eef-315c-432e-aa62-8ae778f700e7}</UniqueIdentifier>
    </Filter>
    <Filter Include="Sources\devices\wasapi">
      <UniqueIdentifier>{fe2e58bd-eb7f-4023-8873-885f9055062b}</UniqueIdentifier>
    </Filter>
    <Filter Include="Sources\devices\interfaces">
      <UniqueIdentifier>{23a9f23a-5f22-4ff5-bece-5fb9505a4ceb}</UniqueIdentifier>
    </Filter>
    <Filter Include="Sources\devices\wasapi\capture">
      <UniqueIdentifier>{a52c938c-f1f6-42eb-bac3-13dfc91ce5ab}</UniqueIdentifier>
    </Filter>
    <Filter Include="Sources\devices\wasapi\render">
      <UniqueIdentifier>{8e42d69c-7d55-490e-9bef-15091a6df614}</UniqueIdentifier>
    </Filter>
    <Filter Include="Sources\common\memory">
      <UniqueIdentifier>{004f1cd1-0440-4f27-8991-2febffa6118b}</UniqueIdentifier>
    </Filter>
    <Filter Include="Sources\common\threading">
      <UniqueIdentifier>{5cc4ac78-8443-4962-9932-b0396a9e64cb}</UniqueIdentifier>
    </Filter>
    <Filter Include="Sources\common\win32">
      <UniqueIdentifier>{17793094-42ab-4a27-bdbc-3c41b42b2d4d}</UniqueIdentifier>
    </Filter>
  </ItemGroup>
  <ItemGroup>
    <ClInclude Include="stdafx.h">
      <Filter>Header Files</Filter>
    </ClInclude>
    <ClInclude Include="targetver.h">
      <Filter>Header Files</Filter>
    </ClInclude>
    <ClInclude Include="Sources\Common\common.h">
      <Filter>Sources\common</Filter>
    </ClInclude>
    <ClInclude Include="Sources\Common\strings.h">
      <Filter>Sources\common</Filter>
    </ClInclude>
    <ClInclude Include="Sources\devices\wasapi\wasapi_device.h">
      <Filter>Sources\devices\wasapi</Filter>
    </ClInclude>
    <ClInclude Include="Sources\devices\interfaces\i_device.h">
      <Filter>Sources\devices\interfaces</Filter>
    </ClInclude>
    <ClInclude Include="Sources\devices\interfaces\i_device_provider.h">
      <Filter>Sources\devices\interfaces</Filter>
    </ClInclude>
    <ClInclude Include="Sources\devices\interfaces\i_device_manager.h">
      <Filter>Sources\devices\interfaces</Filter>
    </ClInclude>
    <ClInclude Include="Sources\devices\wasapi\wasapi_device_provider.h">
      <Filter>Sources\devices\wasapi</Filter>
    </ClInclude>
    <ClInclude Include="Sources\devices\wasapi\wasapi_capture_device.h">
      <Filter>Sources\devices\wasapi\capture</Filter>
    </ClInclude>
    <ClInclude Include="Sources\devices\wasapi\wasapi_render_device.h">
      <Filter>Sources\devices\wasapi\render</Filter>
    </ClInclude>
    <ClInclude Include="Sources\devices\interfaces\device_types.h">
      <Filter>Sources\devices\interfaces</Filter>
    </ClInclude>
    <ClInclude Include="Sources\common\memory\memory_allocator.h">
      <Filter>Sources\common\memory</Filter>
    </ClInclude>
    <ClInclude Include="Sources\common\threading\thread_base.h">
      <Filter>Sources\common\threading</Filter>
    </ClInclude>
    <ClInclude Include="Sources\common\win32\hr_exception.h">
      <Filter>Sources\common\win32</Filter>
    </ClInclude>
  </ItemGroup>
  <ItemGroup>
    <ClCompile Include="stdafx.cpp">
      <Filter>Source Files</Filter>
    </ClCompile>
    <ClCompile Include="Sources\Common\strings.cpp">
      <Filter>Sources\common</Filter>
    </ClCompile>
    <ClCompile Include="Sources\devices\wasapi\wasapi_device.cpp">
      <Filter>Sources\devices\wasapi</Filter>
    </ClCompile>
    <ClCompile Include="Sources\devices\wasapi\wasapi_device_provider.cpp">
      <Filter>Sources\devices\wasapi</Filter>
    </ClCompile>
    <ClCompile Include="Sources\devices\wasapi\wasapi_capture_device.cpp">
      <Filter>Sources\devices\wasapi\capture</Filter>
    </ClCompile>
    <ClCompile Include="Sources\devices\wasapi\wasapi_render_device.cpp">
      <Filter>Sources\devices\wasapi\render</Filter>
    </ClCompile>
    <ClCompile Include="Sources\common\memory\memory_allocator.cpp">
      <Filter>Sources\common\memory</Filter>
    </ClCompile>
    <ClCompile Include="Sources\common\threading\thread_base.cpp">
      <Filter>Sources\common\threading</Filter>
    </ClCompile>
    <ClCompile Include="Sources\common\win32\hr_exception.cpp">
      <Filter>Sources\common\win32</Filter>
    </ClCompile>
  </ItemGroup>
</Project>